
Microsoft Visual Studio Solution File, Format Version 12.00
# Visual Studio Version 17
VisualStudioVersion = 17.13.35818.85 d17.13
MinimumVisualStudioVersion = 10.0.40219.1
Project("{FAE04EC0-301F-11D3-BF4B-00C04F79EFBC}") = "Telechat", "Telechat\Telechat.csproj", "{E4E80FF7-70A2-4212-8A66-CC5352A87DA2}"
EndProject
Global
	GlobalSection(SolutionConfigurationPlatforms) = preSolution
		Debug|Any CPU = Debug|Any CPU
		Release|Any CPU = Release|Any CPU
	EndGlobalSection
	GlobalSection(ProjectConfigurationPlatforms) = postSolution
		{E4E80FF7-70A2-4212-8A66-CC5352A87DA2}.Debug|Any CPU.ActiveCfg = Debug|Any CPU
		{E4E80FF7-70A2-4212-8A66-CC5352A87DA2}.Debug|Any CPU.Build.0 = Debug|Any CPU
		{E4E80FF7-70A2-4212-8A66-CC5352A87DA2}.Release|Any CPU.ActiveCfg = Release|Any CPU
		{E4E80FF7-70A2-4212-8A66-CC5352A87DA2}.Release|Any CPU.Build.0 = Release|Any CPU
	EndGlobalSection
	GlobalSection(SolutionProperties) = preSolution
		HideSolutionNode = FALSE
	EndGlobalSection
	GlobalSection(ExtensibilityGlobals) = postSolution
		SolutionGuid = {D33C4D6C-7023-410A-B31D-F202B3A573AA}
	EndGlobalSection
EndGlobal
